{
  "name": "node-red-contrib-linux-network-stats",
  "version": "0.1.0",
  "lockfileVersion": 1,
  "requires": true,
  "dependencies": {
    "systeminformation": {
      "version": "4.14.17",
      "resolved": "https://registry.npmjs.org/systeminformation/-/systeminformation-4.14.17.tgz",
      "integrity": "sha512-CQbT5vnkqNb3JNl41xr8sYA8AX7GoaWP55/jnmFNQY0XQmUuoFshSNUkCkxiDdEC1qu2Vg9s0jR6LLmVSmNJUw=="
    }
  }
}
