{
  "name": "node-red-contrib-linux-network-stats",
  "version": "0.2.5",
  "lockfileVersion": 2,
  "requires": true,
  "packages": {
    "": {
      "name": "node-red-contrib-linux-network-stats",
      "version": "0.2.5",
      "license": "MIT",
      "dependencies": {
        "systeminformation": "^5.6.12"
      }
    },
    "node_modules/systeminformation": {
      "version": "5.6.12",
      "resolved": "https://registry.npmjs.org/systeminformation/-/systeminformation-5.6.12.tgz",
      "integrity": "sha512-prJAt+iS2ITeygjLt/FGtN1qsIQHrRePCUqWtP0hGv6JsS0LSQTR+y5hWAd4frUIM/sjG95jHFUK1gx244KwUA==",
      "os": [
        "darwin",
        "linux",
        "win32",
        "freebsd",
        "openbsd",
        "netbsd",
        "sunos"
      ],
      "bin": {
        "systeminformation": "lib/cli.js"
      },
      "engines": {
        "node": ">=4.0.0"
      },
      "funding": {
        "type": "Buy me a coffee",
        "url": "https://www.buymeacoffee.com/systeminfo"
      }
    }
  },
  "dependencies": {
    "systeminformation": {
      "version": "5.6.12",
      "resolved": "https://registry.npmjs.org/systeminformation/-/systeminformation-5.6.12.tgz",
      "integrity": "sha512-prJAt+iS2ITeygjLt/FGtN1qsIQHrRePCUqWtP0hGv6JsS0LSQTR+y5hWAd4frUIM/sjG95jHFUK1gx244KwUA=="
    }
  }
}
