{
  "name": "node-red-contrib-linux-network-stats",
  "version": "0.2.2",
  "lockfileVersion": 1,
  "requires": true,
  "dependencies": {
    "systeminformation": {
      "version": "4.30.11",
      "resolved": "https://registry.npmjs.org/systeminformation/-/systeminformation-4.30.11.tgz",
      "integrity": "sha512-dR2OJMvyBeF+VZ36851O7oQEUFdNtux3xFI+xAFbWg5J/mh5lQOBiceHTkYOyvGf++mMIKgpeAmYnKy+cyWIdw=="
    }
  }
}
